// !$*UTF8*$!
{
	archiveVersion = 1;
	classes = {
	};
	objectVersion = 50;
	objects = {

/* Begin PBXBuildFile section */
		BF47C28725B2437D002DE42C /* AppDelegate.swift in Sources */ = {isa = PBXBuildFile; fileRef = BF47C28625B2437D002DE42C /* AppDelegate.swift */; };
		BF47C28925B2437D002DE42C /* SceneDelegate.swift in Sources */ = {isa = PBXBuildFile; fileRef = BF47C28825B2437D002DE42C /* SceneDelegate.swift */; };
		BF47C28B25B2437D002DE42C /* ViewController.swift in Sources */ = {isa = PBXBuildFile; fileRef = BF47C28A25B2437D002DE42C /* ViewController.swift */; };
		BF47C28E25B2437D002DE42C /* Main.storyboard in Resources */ = {isa = PBXBuildFile; fileRef = BF47C28C25B2437D002DE42C /* Main.storyboard */; };
		BF47C29025B24380002DE42C /* Assets.xcassets in Resources */ = {isa = PBXBuildFile; fileRef = BF47C28F25B24380002DE42C /* Assets.xcassets */; };
		BF47C29325B24380002DE42C /* LaunchScreen.storyboard in Resources */ = {isa = PBXBuildFile; fileRef = BF47C29125B24380002DE42C /* LaunchScreen.storyboard */; };
		BF47C29C25B244C3002DE42C /* DataStructs.swift in Sources */ = {isa = PBXBuildFile; fileRef = BF47C29B25B244C3002DE42C /* DataStructs.swift */; };
/* End PBXBuildFile section */

/* Begin PBXFileReference section */
		BF47C28325B2437D002DE42C /* MovieQueryApp.app */ = {isa = PBXFileReference; explicitFileType = wrapper.application; includeInIndex = 0; path = MovieQueryApp.app; sourceTree = BUILT_PRODUCTS_DIR; };
		BF47C28625B2437D002DE42C /* AppDelegate.swift */ = {isa = PBXFileReference; lastKnownFileType = sourcecode.swift; path = AppDelegate.swift; sourceTree = "<group>"; };
		BF47C28825B2437D002DE42C /* SceneDelegate.swift */ = {isa = PBXFileReference; lastKnownFileType = sourcecode.swift; path = SceneDelegate.swift; sourceTree = "<group>"; };
		BF47C28A25B2437D002DE42C /* ViewController.swift */ = {isa = PBXFileReference; lastKnownFileType = sourcecode.swift; path = ViewController.swift; sourceTree = "<group>"; };
		BF47C28D25B2437D002DE42C /* Base */ = {isa = PBXFileReference; lastKnownFileType = file.storyboard; name = Base; path = Base.lproj/Main.storyboard; sourceTree = "<group>"; };
		BF47C28F25B24380002DE42C /* Assets.xcassets */ = {isa = PBXFileReference; lastKnownFileType = folder.assetcatalog; path = Assets.xcassets; sourceTree = "<group>"; };
		BF47C29225B24380002DE42C /* Base */ = {isa = PBXFileReference; lastKnownFileType = file.storyboard; name = Base; path = Base.lproj/LaunchScreen.storyboard; sourceTree = "<group>"; };
		BF47C29425B24380002DE42C /* Info.plist */ = {isa = PBXFileReference; lastKnownFileType = text.plist.xml; path = Info.plist; sourceTree = "<group>"; };
		BF47C29B25B244C3002DE42C /* DataStructs.swift */ = {isa = PBXFileReference; lastKnownFileType = sourcecode.swift; path = DataStructs.swift; sourceTree = "<group>"; };
/* End PBXFileReference section */

/* Begin PBXFrameworksBuildPhase section */
		BF47C28025B2437D002DE42C /* Frameworks */ = {
			isa = PBXFrameworksBuildPhase;
			buildActionMask = 2147483647;
			files = (
			);
			runOnlyForDeploymentPostprocessing = 0;
		};
/* End PBXFrameworksBuildPhase section */

/* Begin PBXGroup section */
		BF47C27A25B2437D002DE42C = {
			isa = PBXGroup;
			children = (
				BF47C28525B2437D002DE42C /* MovieQueryApp */,
				BF47C28425B2437D002DE42C /* Products */,
			);
			sourceTree = "<group>";
		};
		BF47C28425B2437D002DE42C /* Products */ = {
			isa = PBXGroup;
			children = (
				BF47C28325B2437D002DE42C /* MovieQueryApp.app */,
			);
			name = Products;
			sourceTree = "<group>";
		};
		BF47C28525B2437D002DE42C /* MovieQueryApp */ = {
			isa = PBXGroup;
			children = (
				BF47C28625B2437D002DE42C /* AppDelegate.swift */,
				BF47C28825B2437D002DE42C /* SceneDelegate.swift */,
				BF47C28A25B2437D002DE42C /* ViewController.swift */,
				BF47C28C25B2437D002DE42C /* Main.storyboard */,
				BF47C28F25B24380002DE42C /* Assets.xcassets */,
				BF47C29125B24380002DE42C /* LaunchScreen.storyboard */,
				BF47C29425B24380002DE42C /* Info.plist */,
				BF47C29B25B244C3002DE42C /* DataStructs.swift */,
			);
			path = MovieQueryApp;
			sourceTree = "<group>";
		};
/* End PBXGroup section */

/* Begin PBXNativeTarget section */
		BF47C28225B2437D002DE42C /* MovieQueryApp */ = {
			isa = PBXNativeTarget;
			buildConfigurationList = BF47C29725B24380002DE42C /* Build configuration list for PBXNativeTarget "MovieQueryApp" */;
			buildPhases = (
				BF47C27F25B2437D002DE42C /* Sources */,
				BF47C28025B2437D002DE42C /* Frameworks */,
				BF47C28125B2437D002DE42C /* Resources */,
			);
			buildRules = (
			);
			dependencies = (
			);
			name = MovieQueryApp;
			productName = MovieQueryApp;
			productReference = BF47C28325B2437D002DE42C /* MovieQueryApp.app */;
			productType = "com.apple.product-type.application";
		};
/* End PBXNativeTarget section */

/* Begin PBXProject section */
		BF47C27B25B2437D002DE42C /* Project object */ = {
			isa = PBXProject;
			attributes = {
				LastSwiftUpdateCheck = 1230;
				LastUpgradeCheck = 1230;
				TargetAttributes = {
					BF47C28225B2437D002DE42C = {
						CreatedOnToolsVersion = 12.3;
					};
				};
			};
			buildConfigurationList = BF47C27E25B2437D002DE42C /* Build configuration list for PBXProject "MovieQueryApp" */;
			compatibilityVersion = "Xcode 9.3";
			developmentRegion = en;
			hasScannedForEncodings = 0;
			knownRegions = (
				en,
				Base,
			);
			mainGroup = BF47C27A25B2437D002DE42C;
			productRefGroup = BF47C28425B2437D002DE42C /* Products */;
			projectDirPath = "";
			projectRoot = "";
			targets = (
				BF47C28225B2437D002DE42C /* MovieQueryApp */,
			);
		};
/* End PBXProject section */

/* Begin PBXResourcesBuildPhase section */
		BF47C28125B2437D002DE42C /* Resources */ = {
			isa = PBXResourcesBuildPhase;
			buildActionMask = 2147483647;
			files = (
				BF47C29325B24380002DE42C /* LaunchScreen.storyboard in Resources */,
				BF47C29025B24380002DE42C /* Assets.xcassets in Resources */,
				BF47C28E25B2437D002DE42C /* Main.storyboard in Resources */,
			);
			runOnlyForDeploymentPostprocessing = 0;
		};
/* End PBXResourcesBuildPhase section */

/* Begin PBXSourcesBuildPhase section */
		BF47C27F25B2437D002DE42C /* Sources */ = {
			isa = PBXSourcesBuildPhase;
			buildActionMask = 2147483647;
			files = (
				BF47C28B25B2437D002DE42C /* ViewController.swift in Sources */,
				BF47C28725B2437D002DE42C /* AppDelegate.swift in Sources */,
				BF47C29C25B244C3002DE42C /* DataStructs.swift in Sources */,
				BF47C28925B2437D002DE42C /* SceneDelegate.swift in Sources */,
			);
			runOnlyForDeploymentPostprocessing = 0;
		};
/* End PBXSourcesBuildPhase section */

/* Begin PBXVariantGroup section */
		BF47C28C25B2437D002DE42C /* Main.storyboard */ = {
			isa = PBXVariantGroup;
			children = (
				BF47C28D25B2437D002DE42C /* Base */,
			);
			name = Main.storyboard;
			sourceTree = "<group>";
		};
		BF47C29125B24380002DE42C /* LaunchScreen.storyboard */ = {
			isa = PBXVariantGroup;
			children = (
				BF47C29225B24380002DE42C /* Base */,
			);
			name = LaunchScreen.storyboard;
			sourceTree = "<group>";
		};
/* End PBXVariantGroup section */

/* Begin XCBuildConfiguration section */
		BF47C29525B24380002DE42C /* Debug */ = {
			isa = XCBuildConfiguration;
			buildSettings = {
				ALWAYS_SEARCH_USER_PATHS = NO;
				CLANG_ANALYZER_NONNULL = YES;
				CLANG_ANALYZER_NUMBER_OBJECT_CONVERSION = YES_AGGRESSIVE;
				CLANG_CXX_LANGUAGE_STANDARD = "gnu++14";
				CLANG_CXX_LIBRARY = "libc++";
				CLANG_ENABLE_MODULES = YES;
				CLANG_ENABLE_OBJC_ARC = YES;
				CLANG_ENABLE_OBJC_WEAK = YES;
				CLANG_WARN_BLOCK_CAPTURE_AUTORELEASING = YES;
				CLANG_WARN_BOOL_CONVERSION = YES;
				CLANG_WARN_COMMA = YES;
				CLANG_WARN_CONSTANT_CONVERSION = YES;
				CLANG_WARN_DEPRECATED_OBJC_IMPLEMENTATIONS = YES;
				CLANG_WARN_DIRECT_OBJC_ISA_USAGE = YES_ERROR;
				CLANG_WARN_DOCUMENTATION_COMMENTS = YES;
				CLANG_WARN_EMPTY_BODY = YES;
				CLANG_WARN_ENUM_CONVERSION = YES;
				CLANG_WARN_INFINITE_RECURSION = YES;
				CLANG_WARN_INT_CONVERSION = YES;
				CLANG_WARN_NON_LITERAL_NULL_CONVERSION = YES;
				CLANG_WARN_OBJC_IMPLICIT_RETAIN_SELF = YES;
				CLANG_WARN_OBJC_LITERAL_CONVERSION = YES;
				CLANG_WARN_OBJC_ROOT_CLASS = YES_ERROR;
				CLANG_WARN_QUOTED_INCLUDE_IN_FRAMEWORK_HEADER = YES;
				CLANG_WARN_RANGE_LOOP_ANALYSIS = YES;
				CLANG_WARN_STRICT_PROTOTYPES = YES;
				CLANG_WARN_SUSPICIOUS_MOVE = YES;
				CLANG_WARN_UNGUARDED_AVAILABILITY = YES_AGGRESSIVE;
				CLANG_WARN_UNREACHABLE_CODE = YES;
				CLANG_WARN__DUPLICATE_METHOD_MATCH = YES;
				COPY_PHASE_STRIP = NO;
				DEBUG_INFORMATION_FORMAT = dwarf;
				ENABLE_STRICT_OBJC_MSGSEND = YES;
				ENABLE_TESTABILITY = YES;
				GCC_C_LANGUAGE_STANDARD = gnu11;
				GCC_DYNAMIC_NO_PIC = NO;
				GCC_NO_COMMON_BLOCKS = YES;
				GCC_OPTIMIZATION_LEVEL = 0;
				GCC_PREPROCESSOR_DEFINITIONS = (
					"DEBUG=1",
					"$(inherited)",
				);
				GCC_WARN_64_TO_32_BIT_CONVERSION = YES;
				GCC_WARN_ABOUT_RETURN_TYPE = YES_ERROR;
				GCC_WARN_UNDECLARED_SELECTOR = YES;
				GCC_WARN_UNINITIALIZED_AUTOS = YES_AGGRESSIVE;
				GCC_WARN_UNUSED_FUNCTION = YES;
				GCC_WARN_UNUSED_VARIABLE = YES;
				IPHONEOS_DEPLOYMENT_TARGET = 14.3;
				MTL_ENABLE_DEBUG_INFO = INCLUDE_SOURCE;
				MTL_FAST_MATH = YES;
				ONLY_ACTIVE_ARCH = YES;
				SDKROOT = iphoneos;
				SWIFT_ACTIVE_COMPILATION_CONDITIONS = DEBUG;
				SWIFT_OPTIMIZATION_LEVEL = "-Onone";
			};
			name = Debug;
		};
		BF47C29625B24380002DE42C /* Release */ = {
			isa = XCBuildConfiguration;
			buildSettings = {
				ALWAYS_SEARCH_USER_PATHS = NO;
				CLANG_ANALYZER_NONNULL = YES;
				CLANG_ANALYZER_NUMBER_OBJECT_CONVERSION = YES_AGGRESSIVE;
				CLANG_CXX_LANGUAGE_STANDARD = "gnu++14";
				CLANG_CXX_LIBRARY = "libc++";
				CLANG_ENABLE_MODULES = YES;
				CLANG_ENABLE_OBJC_ARC = YES;
				CLANG_ENABLE_OBJC_WEAK = YES;
				CLANG_WARN_BLOCK_CAPTURE_AUTORELEASING = YES;
				CLANG_WARN_BOOL_CONVERSION = YES;
				CLANG_WARN_COMMA = YES;
				CLANG_WARN_CONSTANT_CONVERSION = YES;
				CLANG_WARN_DEPRECATED_OBJC_IMPLEMENTATIONS = YES;
				CLANG_WARN_DIRECT_OBJC_ISA_USAGE = YES_ERROR;
				CLANG_WARN_DOCUMENTATION_COMMENTS = YES;
				CLANG_WARN_EMPTY_BODY = YES;
				CLANG_WARN_ENUM_CONVERSION = YES;
				CLANG_WARN_INFINITE_RECURSION = YES;
				CLANG_WARN_INT_CONVERSION = YES;
				CLANG_WARN_NON_LITERAL_NULL_CONVERSION = YES;
				CLANG_WARN_OBJC_IMPLICIT_RETAIN_SELF = YES;
				CLANG_WARN_OBJC_LITERAL_CONVERSION = YES;
				CLANG_WARN_OBJC_ROOT_CLASS = YES_ERROR;
				CLANG_WARN_QUOTED_INCLUDE_IN_FRAMEWORK_HEADER = YES;
				CLANG_WARN_RANGE_LOOP_ANALYSIS = YES;
				CLANG_WARN_STRICT_PROTOTYPES = YES;
				CLANG_WARN_SUSPICIOUS_MOVE = YES;
				CLANG_WARN_UNGUARDED_AVAILABILITY = YES_AGGRESSIVE;
				CLANG_WARN_UNREACHABLE_CODE = YES;
				CLANG_WARN__DUPLICATE_METHOD_MATCH = YES;
				COPY_PHASE_STRIP = NO;
				DEBUG_INFORMATION_FORMAT = "dwarf-with-dsym";
				ENABLE_NS_ASSERTIONS = NO;
				ENABLE_STRICT_OBJC_MSGSEND = YES;
				GCC_C_LANGUAGE_STANDARD = gnu11;
				GCC_NO_COMMON_BLOCKS = YES;
				GCC_WARN_64_TO_32_BIT_CONVERSION = YES;
				GCC_WARN_ABOUT_RETURN_TYPE = YES_ERROR;
				GCC_WARN_UNDECLARED_SELECTOR = YES;
				GCC_WARN_UNINITIALIZED_AUTOS = YES_AGGRESSIVE;
				GCC_WARN_UNUSED_FUNCTION = YES;
				GCC_WARN_UNUSED_VARIABLE = YES;
				IPHONEOS_DEPLOYMENT_TARGET = 14.3;
				MTL_ENABLE_DEBUG_INFO = NO;
				MTL_FAST_MATH = YES;
				SDKROOT = iphoneos;
				SWIFT_COMPILATION_MODE = wholemodule;
				SWIFT_OPTIMIZATION_LEVEL = "-O";
				VALIDATE_PRODUCT = YES;
			};
			name = Release;
		};
		BF47C29825B24380002DE42C /* Debug */ = {
			isa = XCBuildConfiguration;
			buildSettings = {
				ASSETCATALOG_COMPILER_APPICON_NAME = AppIcon;
				ASSETCATALOG_COMPILER_GLOBAL_ACCENT_COLOR_NAME = AccentColor;
				CODE_SIGN_STYLE = Automatic;
				DEVELOPMENT_TEAM = AXYS755DCS;
				INFOPLIST_FILE = MovieQueryApp/Info.plist;
				LD_RUNPATH_SEARCH_PATHS = (
					"$(inherited)",
					"@executable_path/Frameworks",
				);
				PRODUCT_BUNDLE_IDENTIFIER = com.milliemince.MovieQueryApp;
				PRODUCT_NAME = "$(TARGET_NAME)";
				SWIFT_VERSION = 5.0;
				TARGETED_DEVICE_FAMILY = "1,2";
			};
			name = Debug;
		};
		BF47C29925B24380002DE42C /* Release */ = {
			isa = XCBuildConfiguration;
			buildSettings = {
				ASSETCATALOG_COMPILER_APPICON_NAME = AppIcon;
				ASSETCATALOG_COMPILER_GLOBAL_ACCENT_COLOR_NAME = AccentColor;
				CODE_SIGN_STYLE = Automatic;
				DEVELOPMENT_TEAM = AXYS755DCS;
				INFOPLIST_FILE = MovieQueryApp/Info.plist;
				LD_RUNPATH_SEARCH_PATHS = (
					"$(inherited)",
					"@executable_path/Frameworks",
				);
				PRODUCT_BUNDLE_IDENTIFIER = com.milliemince.MovieQueryApp;
				PRODUCT_NAME = "$(TARGET_NAME)";
				SWIFT_VERSION = 5.0;
				TARGETED_DEVICE_FAMILY = "1,2";
			};
			name = Release;
		};
/* End XCBuildConfiguration section */

/* Begin XCConfigurationList section */
		BF47C27E25B2437D002DE42C /* Build configuration list for PBXProject "MovieQueryApp" */ = {
			isa = XCConfigurationList;
			buildConfigurations = (
				BF47C29525B24380002DE42C /* Debug */,
				BF47C29625B24380002DE42C /* Release */,
			);
			defaultConfigurationIsVisible = 0;
			defaultConfigurationName = Release;
		};
		BF47C29725B24380002DE42C /* Build configuration list for PBXNativeTarget "MovieQueryApp" */ = {
			isa = XCConfigurationList;
			buildConfigurations = (
				BF47C29825B24380002DE42C /* Debug */,
				BF47C29925B24380002DE42C /* Release */,
			);
			defaultConfigurationIsVisible = 0;
			defaultConfigurationName = Release;
		};
/* End XCConfigurationList section */
	};
	rootObject = BF47C27B25B2437D002DE42C /* Project object */;
}
